
Microsoft Visual Studio Solution File, Format Version 12.00
# Visual Studio Version 16
VisualStudioVersion = 16.0.30413.136
MinimumVisualStudioVersion = 10.0.40219.1
Project("{9A19103F-16F7-4668-BE54-9A1E7A4F7556}") = "CarSalesAPI", "CarSalesAPI\CarSalesAPI.csproj", "{21C9004F-7BA3-4F38-AB8E-21B578405D97}"
EndProject
Project("{2150E333-8FDC-42A3-9474-1A3956D46DE8}") = "API", "API", "{399A99DD-32E9-4375-A459-545046D31533}"
EndProject
Project("{2150E333-8FDC-42A3-9474-1A3956D46DE8}") = "Source", "Source", "{0801C371-6654-4689-A5CF-1F9E7272684F}"
EndProject
Project("{2150E333-8FDC-42A3-9474-1A3956D46DE8}") = "Core", "Core", "{4B27712E-C98E-42A9-8CD6-0A3B7A96F4FC}"
EndProject
Project("{2150E333-8FDC-42A3-9474-1A3956D46DE8}") = "Infrastructure", "Infrastructure", "{124F2D04-8631-4BE2-96FA-589127BB86AE}"
EndProject
Project("{2150E333-8FDC-42A3-9474-1A3956D46DE8}") = "Presentation", "Presentation", "{063B54CB-8798-491D-957D-D00C296C6157}"
EndProject
Project("{2150E333-8FDC-42A3-9474-1A3956D46DE8}") = "Tests", "Tests", "{E4F53B69-8540-4C7F-9DD0-C2DE0F059840}"
EndProject
Project("{9A19103F-16F7-4668-BE54-9A1E7A4F7556}") = "CarSales.Domain", "CarSales.Domain\CarSales.Domain.csproj", "{FD3A8633-D77A-463E-BDC1-202EFB070810}"
EndProject
Project("{9A19103F-16F7-4668-BE54-9A1E7A4F7556}") = "CarSales.Data", "CarSales.Data\CarSales.Data.csproj", "{F5F12329-9E29-4C32-92EC-5C9226E34BC9}"
EndProject
Project("{9A19103F-16F7-4668-BE54-9A1E7A4F7556}") = "CarSales.DomainLogic", "CarSales.DomainLogic\CarSales.DomainLogic.csproj", "{958C97CE-E0EC-43A3-90BD-8488A43A8873}"
EndProject
Project("{9A19103F-16F7-4668-BE54-9A1E7A4F7556}") = "CarSales.Infrastructure", "CarSales.Infrastructure\CarSales.Infrastructure.csproj", "{C50B2BEC-B163-4F75-9C22-A6EAAB9D6055}"
EndProject
Project("{2150E333-8FDC-42A3-9474-1A3956D46DE8}") = "API", "API", "{034D20B6-221F-49DB-8637-4CA7A670CE3D}"
EndProject
Project("{FAE04EC0-301F-11D3-BF4B-00C04F79EFBC}") = "CarSalesAPI.Test", "CarSalesAPI.Test\CarSalesAPI.Test.csproj", "{63575B63-CF5D-49A7-B490-5E25B5726F40}"
EndProject
Project("{2150E333-8FDC-42A3-9474-1A3956D46DE8}") = "Infrastructure", "Infrastructure", "{E42A1925-2373-4042-BF8C-F204277987BD}"
EndProject
Project("{FAE04EC0-301F-11D3-BF4B-00C04F79EFBC}") = "CarSales.Data.Test", "CarSales.Data.Test\CarSales.Data.Test.csproj", "{692BBEE8-8069-4539-BB15-41334869C76D}"
EndProject
Global
	GlobalSection(SolutionConfigurationPlatforms) = preSolution
		Debug|Any CPU = Debug|Any CPU
		Release|Any CPU = Release|Any CPU
	EndGlobalSection
	GlobalSection(ProjectConfigurationPlatforms) = postSolution
		{21C9004F-7BA3-4F38-AB8E-21B578405D97}.Debug|Any CPU.ActiveCfg = Debug|Any CPU
		{21C9004F-7BA3-4F38-AB8E-21B578405D97}.Debug|Any CPU.Build.0 = Debug|Any CPU
		{21C9004F-7BA3-4F38-AB8E-21B578405D97}.Release|Any CPU.ActiveCfg = Release|Any CPU
		{21C9004F-7BA3-4F38-AB8E-21B578405D97}.Release|Any CPU.Build.0 = Release|Any CPU
		{FD3A8633-D77A-463E-BDC1-202EFB070810}.Debug|Any CPU.ActiveCfg = Debug|Any CPU
		{FD3A8633-D77A-463E-BDC1-202EFB070810}.Debug|Any CPU.Build.0 = Debug|Any CPU
		{FD3A8633-D77A-463E-BDC1-202EFB070810}.Release|Any CPU.ActiveCfg = Release|Any CPU
		{FD3A8633-D77A-463E-BDC1-202EFB070810}.Release|Any CPU.Build.0 = Release|Any CPU
		{F5F12329-9E29-4C32-92EC-5C9226E34BC9}.Debug|Any CPU.ActiveCfg = Debug|Any CPU
		{F5F12329-9E29-4C32-92EC-5C9226E34BC9}.Debug|Any CPU.Build.0 = Debug|Any CPU
		{F5F12329-9E29-4C32-92EC-5C9226E34BC9}.Release|Any CPU.ActiveCfg = Release|Any CPU
		{F5F12329-9E29-4C32-92EC-5C9226E34BC9}.Release|Any CPU.Build.0 = Release|Any CPU
		{958C97CE-E0EC-43A3-90BD-8488A43A8873}.Debug|Any CPU.ActiveCfg = Debug|Any CPU
		{958C97CE-E0EC-43A3-90BD-8488A43A8873}.Debug|Any CPU.Build.0 = Debug|Any CPU
		{958C97CE-E0EC-43A3-90BD-8488A43A8873}.Release|Any CPU.ActiveCfg = Release|Any CPU
		{958C97CE-E0EC-43A3-90BD-8488A43A8873}.Release|Any CPU.Build.0 = Release|Any CPU
		{C50B2BEC-B163-4F75-9C22-A6EAAB9D6055}.Debug|Any CPU.ActiveCfg = Debug|Any CPU
		{C50B2BEC-B163-4F75-9C22-A6EAAB9D6055}.Debug|Any CPU.Build.0 = Debug|Any CPU
		{C50B2BEC-B163-4F75-9C22-A6EAAB9D6055}.Release|Any CPU.ActiveCfg = Release|Any CPU
		{C50B2BEC-B163-4F75-9C22-A6EAAB9D6055}.Release|Any CPU.Build.0 = Release|Any CPU
		{63575B63-CF5D-49A7-B490-5E25B5726F40}.Debug|Any CPU.ActiveCfg = Debug|Any CPU
		{63575B63-CF5D-49A7-B490-5E25B5726F40}.Debug|Any CPU.Build.0 = Debug|Any CPU
		{63575B63-CF5D-49A7-B490-5E25B5726F40}.Release|Any CPU.ActiveCfg = Release|Any CPU
		{63575B63-CF5D-49A7-B490-5E25B5726F40}.Release|Any CPU.Build.0 = Release|Any CPU
		{692BBEE8-8069-4539-BB15-41334869C76D}.Debug|Any CPU.ActiveCfg = Debug|Any CPU
		{692BBEE8-8069-4539-BB15-41334869C76D}.Debug|Any CPU.Build.0 = Debug|Any CPU
		{692BBEE8-8069-4539-BB15-41334869C76D}.Release|Any CPU.ActiveCfg = Release|Any CPU
		{692BBEE8-8069-4539-BB15-41334869C76D}.Release|Any CPU.Build.0 = Release|Any CPU
	EndGlobalSection
	GlobalSection(SolutionProperties) = preSolution
		HideSolutionNode = FALSE
	EndGlobalSection
	GlobalSection(NestedProjects) = preSolution
		{21C9004F-7BA3-4F38-AB8E-21B578405D97} = {399A99DD-32E9-4375-A459-545046D31533}
		{399A99DD-32E9-4375-A459-545046D31533} = {0801C371-6654-4689-A5CF-1F9E7272684F}
		{4B27712E-C98E-42A9-8CD6-0A3B7A96F4FC} = {0801C371-6654-4689-A5CF-1F9E7272684F}
		{124F2D04-8631-4BE2-96FA-589127BB86AE} = {0801C371-6654-4689-A5CF-1F9E7272684F}
		{063B54CB-8798-491D-957D-D00C296C6157} = {0801C371-6654-4689-A5CF-1F9E7272684F}
		{FD3A8633-D77A-463E-BDC1-202EFB070810} = {4B27712E-C98E-42A9-8CD6-0A3B7A96F4FC}
		{F5F12329-9E29-4C32-92EC-5C9226E34BC9} = {124F2D04-8631-4BE2-96FA-589127BB86AE}
		{958C97CE-E0EC-43A3-90BD-8488A43A8873} = {4B27712E-C98E-42A9-8CD6-0A3B7A96F4FC}
		{C50B2BEC-B163-4F75-9C22-A6EAAB9D6055} = {124F2D04-8631-4BE2-96FA-589127BB86AE}
		{034D20B6-221F-49DB-8637-4CA7A670CE3D} = {E4F53B69-8540-4C7F-9DD0-C2DE0F059840}
		{63575B63-CF5D-49A7-B490-5E25B5726F40} = {034D20B6-221F-49DB-8637-4CA7A670CE3D}
		{E42A1925-2373-4042-BF8C-F204277987BD} = {E4F53B69-8540-4C7F-9DD0-C2DE0F059840}
		{692BBEE8-8069-4539-BB15-41334869C76D} = {E42A1925-2373-4042-BF8C-F204277987BD}
	EndGlobalSection
	GlobalSection(ExtensibilityGlobals) = postSolution
		SolutionGuid = {0DD257D3-B3DF-4CA7-8210-1AD9376FFC04}
	EndGlobalSection
EndGlobal
